
Microsoft Visual Studio Solution File, Format Version 12.00
# Visual Studio 2013
VisualStudioVersion = 12.0.30723.0
MinimumVisualStudioVersion = 10.0.40219.1
Project("{8BC9CEB8-8B4A-11D0-8D11-00A0C91BC942}") = "LightFXExtender", "src\LightFXExtender.vcxproj", "{A8CB3988-1ADA-4631-A7D3-11D7F68776A3}"
EndProject
Project("{FAE04EC0-301F-11D3-BF4B-00C04F79EFBC}") = "LightFXViewer", "examples\LightFXViewer\LightFXViewer.csproj", "{6AF33DC9-1298-48D6-AEBD-3178F0B43C6F}"
EndProject
Global
	GlobalSection(SolutionConfigurationPlatforms) = preSolution
		Debug|Mixed Platforms = Debug|Mixed Platforms
		Release|Mixed Platforms = Release|Mixed Platforms
	EndGlobalSection
	GlobalSection(ProjectConfigurationPlatforms) = postSolution
		{A8CB3988-1ADA-4631-A7D3-11D7F68776A3}.Debug|Mixed Platforms.ActiveCfg = Debug|Win32
		{A8CB3988-1ADA-4631-A7D3-11D7F68776A3}.Debug|Mixed Platforms.Build.0 = Debug|Win32
		{A8CB3988-1ADA-4631-A7D3-11D7F68776A3}.Release|Mixed Platforms.ActiveCfg = Release|Win32
		{A8CB3988-1ADA-4631-A7D3-11D7F68776A3}.Release|Mixed Platforms.Build.0 = Release|Win32
		{6AF33DC9-1298-48D6-AEBD-3178F0B43C6F}.Debug|Mixed Platforms.ActiveCfg = Debug|Any CPU
		{6AF33DC9-1298-48D6-AEBD-3178F0B43C6F}.Debug|Mixed Platforms.Build.0 = Debug|Any CPU
		{6AF33DC9-1298-48D6-AEBD-3178F0B43C6F}.Release|Mixed Platforms.ActiveCfg = Release|Any CPU
		{6AF33DC9-1298-48D6-AEBD-3178F0B43C6F}.Release|Mixed Platforms.Build.0 = Release|Any CPU
	EndGlobalSection
	GlobalSection(SolutionProperties) = preSolution
		HideSolutionNode = FALSE
	EndGlobalSection
EndGlobal
